
Microsoft Visual Studio Solution File, Format Version 12.00
# Visual Studio Version 17
VisualStudioVersion = 17.1.32407.343
MinimumVisualStudioVersion = 10.0.40219.1
Project("{9A19103F-16F7-4668-BE54-9A1E7A4F7556}") = "WebAPI", "WebAPI\WebAPI.csproj", "{1B8DCAB4-930C-462F-AC19-18C38E161342}"
EndProject
Project("{FAE04EC0-301F-11D3-BF4B-00C04F79EFBC}") = "Application", "Application\Application.csproj", "{223DAF53-B3DC-4C1E-8038-7D48ED1230C7}"
EndProject
Project("{FAE04EC0-301F-11D3-BF4B-00C04F79EFBC}") = "Infrastructure", "Infrastructure\Infrastructure.csproj", "{EA8EB258-6A61-4A5C-B172-B08BFCCA6B26}"
EndProject
Project("{FAE04EC0-301F-11D3-BF4B-00C04F79EFBC}") = "Core", "Core\Core.csproj", "{2999AA53-3ACD-4377-9E3D-50AF34FE7EC3}"
EndProject
Global
	GlobalSection(SolutionConfigurationPlatforms) = preSolution
		Debug|Any CPU = Debug|Any CPU
		Release|Any CPU = Release|Any CPU
	EndGlobalSection
	GlobalSection(ProjectConfigurationPlatforms) = postSolution
		{1B8DCAB4-930C-462F-AC19-18C38E161342}.Debug|Any CPU.ActiveCfg = Debug|Any CPU
		{1B8DCAB4-930C-462F-AC19-18C38E161342}.Debug|Any CPU.Build.0 = Debug|Any CPU
		{1B8DCAB4-930C-462F-AC19-18C38E161342}.Release|Any CPU.ActiveCfg = Release|Any CPU
		{1B8DCAB4-930C-462F-AC19-18C38E161342}.Release|Any CPU.Build.0 = Release|Any CPU
		{223DAF53-B3DC-4C1E-8038-7D48ED1230C7}.Debug|Any CPU.ActiveCfg = Debug|Any CPU
		{223DAF53-B3DC-4C1E-8038-7D48ED1230C7}.Debug|Any CPU.Build.0 = Debug|Any CPU
		{223DAF53-B3DC-4C1E-8038-7D48ED1230C7}.Release|Any CPU.ActiveCfg = Release|Any CPU
		{223DAF53-B3DC-4C1E-8038-7D48ED1230C7}.Release|Any CPU.Build.0 = Release|Any CPU
		{EA8EB258-6A61-4A5C-B172-B08BFCCA6B26}.Debug|Any CPU.ActiveCfg = Debug|Any CPU
		{EA8EB258-6A61-4A5C-B172-B08BFCCA6B26}.Debug|Any CPU.Build.0 = Debug|Any CPU
		{EA8EB258-6A61-4A5C-B172-B08BFCCA6B26}.Release|Any CPU.ActiveCfg = Release|Any CPU
		{EA8EB258-6A61-4A5C-B172-B08BFCCA6B26}.Release|Any CPU.Build.0 = Release|Any CPU
		{2999AA53-3ACD-4377-9E3D-50AF34FE7EC3}.Debug|Any CPU.ActiveCfg = Debug|Any CPU
		{2999AA53-3ACD-4377-9E3D-50AF34FE7EC3}.Debug|Any CPU.Build.0 = Debug|Any CPU
		{2999AA53-3ACD-4377-9E3D-50AF34FE7EC3}.Release|Any CPU.ActiveCfg = Release|Any CPU
		{2999AA53-3ACD-4377-9E3D-50AF34FE7EC3}.Release|Any CPU.Build.0 = Release|Any CPU
	EndGlobalSection
	GlobalSection(SolutionProperties) = preSolution
		HideSolutionNode = FALSE
	EndGlobalSection
	GlobalSection(ExtensibilityGlobals) = postSolution
		SolutionGuid = {B1A6889A-CB95-4C08-9723-E6F1E8D02F84}
	EndGlobalSection
EndGlobal
